# This file is automatically @generated by Cargo.
# It is not intended for manual editing.
version = 4

[[package]]
name = "example-001-last-element"
version = "0.1.0"

[[package]]
name = "example-002-last-two"
version = "0.1.0"

[[package]]
name = "example-002-list-operations"
version = "0.1.0"

[[package]]
name = "example-003-kth-element"
version = "0.1.0"

[[package]]
name = "example-003-pattern-matching"
version = "0.1.0"

[[package]]
name = "example-004-list-length"
version = "0.1.0"

[[package]]
name = "example-004-option-result"
version = "0.1.0"

[[package]]
name = "example-005-currying"
version = "0.1.0"

[[package]]
name = "example-005-reverse-list"
version = "0.1.0"

[[package]]
name = "example-006-function-composition"
version = "0.1.0"

[[package]]
name = "example-006-palindrome-check"
version = "0.1.0"

[[package]]
name = "example-007-flatten-nested-list"
version = "0.1.0"

[[package]]
name = "example-008-eliminate-duplicates"
version = "0.1.0"

[[package]]
name = "example-009-pack-consecutive"
version = "0.1.0"

[[package]]
name = "example-01-higher-order-functions"
version = "0.1.0"

[[package]]
name = "example-010-run-length-encoding"
version = "0.1.0"

[[package]]
name = "example-011-modified-rle"
version = "0.1.0"

[[package]]
name = "example-012-decode-rle"
version = "0.1.0"

[[package]]
name = "example-013-direct-rle"
version = "0.1.0"

[[package]]
name = "example-014-duplicate-elements"
version = "0.1.0"

[[package]]
name = "example-015-replicate-n-times"
version = "0.1.0"

[[package]]
name = "example-016-drop-every-nth"
version = "0.1.0"

[[package]]
name = "example-017-split-list"
version = "0.1.0"

[[package]]
name = "example-018-slice-list"
version = "0.1.0"

[[package]]
name = "example-019-rotate-left"
version = "0.1.0"

[[package]]
name = "example-020-remove-kth"
version = "0.1.0"

[[package]]
name = "example-021-insert-at"
version = "0.1.0"

[[package]]
name = "example-022-range"
version = "0.1.0"

[[package]]
name = "example-023-random-select"
version = "0.1.0"

[[package]]
name = "example-024-lotto-draw"
version = "0.1.0"

[[package]]
name = "example-025-random-permutation"
version = "0.1.0"

[[package]]
name = "example-026-combinations"
version = "0.1.0"

[[package]]
name = "example-027-group-by-size"
version = "0.1.0"

[[package]]
name = "example-028-sort-by-length"
version = "0.1.0"

[[package]]
name = "example-029-binary-tree"
version = "0.1.0"

[[package]]
name = "example-030-count-leaves"
version = "0.1.0"

[[package]]
name = "example-031-collect-leaves"
version = "0.1.0"

[[package]]
name = "example-032-internal-nodes"
version = "0.1.0"

[[package]]
name = "example-033-at-level"
version = "0.1.0"

[[package]]
name = "example-034-complete-tree"
version = "0.1.0"

[[package]]
name = "example-035-layout-binary-tree"
version = "0.1.0"

[[package]]
name = "example-036-tree-string"
version = "0.1.0"

[[package]]
name = "example-037-tree-preorder"
version = "0.1.0"

[[package]]
name = "example-038-tree-inorder"
version = "0.1.0"

[[package]]
name = "example-039-dotstring-tree"
version = "0.1.0"

[[package]]
name = "example-040-dotstring-parse"
version = "0.1.0"

[[package]]
name = "example-041-option-basics"
version = "0.1.0"

[[package]]
name = "example-042-option-map"
version = "0.1.0"

[[package]]
name = "example-043-option-bind"
version = "0.1.0"

[[package]]
name = "example-044-option-filter"
version = "0.1.0"

[[package]]
name = "example-045-result-basics"
version = "0.1.0"

[[package]]
name = "example-046-result-map"
version = "0.1.0"

[[package]]
name = "example-047-result-bind"
version = "0.1.0"

[[package]]
name = "example-048-error-propagation"
version = "0.1.0"

[[package]]
name = "example-049-error-conversion"
version = "0.1.0"

[[package]]
name = "example-050-custom-error-types"
version = "0.1.0"
